
Microsoft Visual Studio Solution File, Format Version 12.00
# Visual Studio Version 17
VisualStudioVersion = 17.10.34916.146
MinimumVisualStudioVersion = 10.0.40219.1
Project("{9A19103F-16F7-4668-BE54-9A1E7A4F7556}") = "BackendMagic", "BackendMagic\BackendMagic.csproj", "{B1E487F2-B241-4245-B59E-CE5794AB0A25}"
EndProject
Global
	GlobalSection(SolutionConfigurationPlatforms) = preSolution
		Debug|Any CPU = Debug|Any CPU
		Release|Any CPU = Release|Any CPU
	EndGlobalSection
	GlobalSection(ProjectConfigurationPlatforms) = postSolution
		{B1E487F2-B241-4245-B59E-CE5794AB0A25}.Debug|Any CPU.ActiveCfg = Debug|Any CPU
		{B1E487F2-B241-4245-B59E-CE5794AB0A25}.Debug|Any CPU.Build.0 = Debug|Any CPU
		{B1E487F2-B241-4245-B59E-CE5794AB0A25}.Release|Any CPU.ActiveCfg = Release|Any CPU
		{B1E487F2-B241-4245-B59E-CE5794AB0A25}.Release|Any CPU.Build.0 = Release|Any CPU
	EndGlobalSection
	GlobalSection(SolutionProperties) = preSolution
		HideSolutionNode = FALSE
	EndGlobalSection
	GlobalSection(ExtensibilityGlobals) = postSolution
		SolutionGuid = {B1D8193E-FCD6-4E22-9681-C32D8466A9A8}
	EndGlobalSection
EndGlobal
